
Microsoft Visual Studio Solution File, Format Version 10.00
# Visual Studio 2008
Project("{F184B08F-C81C-45F6-A57F-5ABD9991F28F}") = "GameEngine", "Engine\GameEngine.vbproj", "{C37067C6-540A-4CB7-8355-8C0B8D53EA68}"
EndProject
Project("{F184B08F-C81C-45F6-A57F-5ABD9991F28F}") = "Design", "Design\Design.vbproj", "{EE6403F4-6B04-4CC4-A1B0-504BEF467964}"
EndProject
Project("{F184B08F-C81C-45F6-A57F-5ABD9991F28F}") = "Editor", "Editor\Editor.vbproj", "{A2E98F6B-4C3F-4608-A2F5-6CFE4B71F1B6}"
EndProject
Project("{F184B08F-C81C-45F6-A57F-5ABD9991F28F}") = "EngineTest", "EngineTest\EngineTest.vbproj", "{52E25785-664C-4751-BC64-08227C0EB6B0}"
EndProject
Project("{F184B08F-C81C-45F6-A57F-5ABD9991F28F}") = "GameLogic", "Logic\GameLogic.vbproj", "{76EC8261-9E3D-4B16-B42D-9A3459900B0F}"
EndProject
Project("{F184B08F-C81C-45F6-A57F-5ABD9991F28F}") = "Core", "Core\Core.vbproj", "{39411658-8880-4261-A67A-C0C55ECBC66E}"
EndProject
Project("{F184B08F-C81C-45F6-A57F-5ABD9991F28F}") = "GuiEditor", "GuiEditor\GuiEditor.vbproj", "{9DE6C748-7D36-4CE2-BE6E-FA48AFAF8631}"
EndProject
Project("{F184B08F-C81C-45F6-A57F-5ABD9991F28F}") = "EffectEditor", "EffectEditor\EffectEditor.vbproj", "{3E88CCB6-7B71-4DCF-9A2E-98054F584390}"
EndProject
Project("{F184B08F-C81C-45F6-A57F-5ABD9991F28F}") = "MaterialEditor", "MaterialEditor\MaterialEditor.vbproj", "{72A19EFD-865C-41D0-A6C3-B71B9FD79BBA}"
EndProject
Project("{F184B08F-C81C-45F6-A57F-5ABD9991F28F}") = "ModelImporter", "ModelImporter\ModelImporter.vbproj", "{FB9571D9-3D82-42CF-BC53-C46E7BCDDAB5}"
EndProject
Project("{F184B08F-C81C-45F6-A57F-5ABD9991F28F}") = "PersistenceCodeGenerator", "PersistenceCodeGenerator\PersistenceCodeGenerator.vbproj", "{EC94DEEC-F959-4171-83EC-7188037C2183}"
EndProject
Project("{F184B08F-C81C-45F6-A57F-5ABD9991F28F}") = "EntiylBuilder", "ModelBuilder\EntiylBuilder.vbproj", "{E8DE6B17-814C-4F3A-A520-1BE0AE06D52F}"
EndProject
Global
	GlobalSection(SolutionConfigurationPlatforms) = preSolution
		Debug|Any CPU = Debug|Any CPU
		Release|Any CPU = Release|Any CPU
	EndGlobalSection
	GlobalSection(ProjectConfigurationPlatforms) = postSolution
		{C37067C6-540A-4CB7-8355-8C0B8D53EA68}.Debug|Any CPU.ActiveCfg = Debug|Any CPU
		{C37067C6-540A-4CB7-8355-8C0B8D53EA68}.Debug|Any CPU.Build.0 = Debug|Any CPU
		{C37067C6-540A-4CB7-8355-8C0B8D53EA68}.Release|Any CPU.ActiveCfg = Release|Any CPU
		{C37067C6-540A-4CB7-8355-8C0B8D53EA68}.Release|Any CPU.Build.0 = Release|Any CPU
		{EE6403F4-6B04-4CC4-A1B0-504BEF467964}.Debug|Any CPU.ActiveCfg = Debug|Any CPU
		{EE6403F4-6B04-4CC4-A1B0-504BEF467964}.Debug|Any CPU.Build.0 = Debug|Any CPU
		{EE6403F4-6B04-4CC4-A1B0-504BEF467964}.Release|Any CPU.ActiveCfg = Release|Any CPU
		{EE6403F4-6B04-4CC4-A1B0-504BEF467964}.Release|Any CPU.Build.0 = Release|Any CPU
		{A2E98F6B-4C3F-4608-A2F5-6CFE4B71F1B6}.Debug|Any CPU.ActiveCfg = Debug|Any CPU
		{A2E98F6B-4C3F-4608-A2F5-6CFE4B71F1B6}.Debug|Any CPU.Build.0 = Debug|Any CPU
		{A2E98F6B-4C3F-4608-A2F5-6CFE4B71F1B6}.Release|Any CPU.ActiveCfg = Release|Any CPU
		{A2E98F6B-4C3F-4608-A2F5-6CFE4B71F1B6}.Release|Any CPU.Build.0 = Release|Any CPU
		{52E25785-664C-4751-BC64-08227C0EB6B0}.Debug|Any CPU.ActiveCfg = Debug|Any CPU
		{52E25785-664C-4751-BC64-08227C0EB6B0}.Debug|Any CPU.Build.0 = Debug|Any CPU
		{52E25785-664C-4751-BC64-08227C0EB6B0}.Release|Any CPU.ActiveCfg = Release|Any CPU
		{52E25785-664C-4751-BC64-08227C0EB6B0}.Release|Any CPU.Build.0 = Release|Any CPU
		{76EC8261-9E3D-4B16-B42D-9A3459900B0F}.Debug|Any CPU.ActiveCfg = Debug|Any CPU
		{76EC8261-9E3D-4B16-B42D-9A3459900B0F}.Debug|Any CPU.Build.0 = Debug|Any CPU
		{76EC8261-9E3D-4B16-B42D-9A3459900B0F}.Release|Any CPU.ActiveCfg = Release|Any CPU
		{76EC8261-9E3D-4B16-B42D-9A3459900B0F}.Release|Any CPU.Build.0 = Release|Any CPU
		{39411658-8880-4261-A67A-C0C55ECBC66E}.Debug|Any CPU.ActiveCfg = Debug|Any CPU
		{39411658-8880-4261-A67A-C0C55ECBC66E}.Debug|Any CPU.Build.0 = Debug|Any CPU
		{39411658-8880-4261-A67A-C0C55ECBC66E}.Release|Any CPU.ActiveCfg = Release|Any CPU
		{39411658-8880-4261-A67A-C0C55ECBC66E}.Release|Any CPU.Build.0 = Release|Any CPU
		{9DE6C748-7D36-4CE2-BE6E-FA48AFAF8631}.Debug|Any CPU.ActiveCfg = Debug|Any CPU
		{9DE6C748-7D36-4CE2-BE6E-FA48AFAF8631}.Debug|Any CPU.Build.0 = Debug|Any CPU
		{9DE6C748-7D36-4CE2-BE6E-FA48AFAF8631}.Release|Any CPU.ActiveCfg = Release|Any CPU
		{9DE6C748-7D36-4CE2-BE6E-FA48AFAF8631}.Release|Any CPU.Build.0 = Release|Any CPU
		{3E88CCB6-7B71-4DCF-9A2E-98054F584390}.Debug|Any CPU.ActiveCfg = Debug|Any CPU
		{3E88CCB6-7B71-4DCF-9A2E-98054F584390}.Debug|Any CPU.Build.0 = Debug|Any CPU
		{3E88CCB6-7B71-4DCF-9A2E-98054F584390}.Release|Any CPU.ActiveCfg = Release|Any CPU
		{3E88CCB6-7B71-4DCF-9A2E-98054F584390}.Release|Any CPU.Build.0 = Release|Any CPU
		{72A19EFD-865C-41D0-A6C3-B71B9FD79BBA}.Debug|Any CPU.ActiveCfg = Debug|Any CPU
		{72A19EFD-865C-41D0-A6C3-B71B9FD79BBA}.Debug|Any CPU.Build.0 = Debug|Any CPU
		{72A19EFD-865C-41D0-A6C3-B71B9FD79BBA}.Release|Any CPU.ActiveCfg = Release|Any CPU
		{72A19EFD-865C-41D0-A6C3-B71B9FD79BBA}.Release|Any CPU.Build.0 = Release|Any CPU
		{FB9571D9-3D82-42CF-BC53-C46E7BCDDAB5}.Debug|Any CPU.ActiveCfg = Debug|Any CPU
		{FB9571D9-3D82-42CF-BC53-C46E7BCDDAB5}.Debug|Any CPU.Build.0 = Debug|Any CPU
		{FB9571D9-3D82-42CF-BC53-C46E7BCDDAB5}.Release|Any CPU.ActiveCfg = Release|Any CPU
		{FB9571D9-3D82-42CF-BC53-C46E7BCDDAB5}.Release|Any CPU.Build.0 = Release|Any CPU
		{EC94DEEC-F959-4171-83EC-7188037C2183}.Debug|Any CPU.ActiveCfg = Debug|Any CPU
		{EC94DEEC-F959-4171-83EC-7188037C2183}.Debug|Any CPU.Build.0 = Debug|Any CPU
		{EC94DEEC-F959-4171-83EC-7188037C2183}.Release|Any CPU.ActiveCfg = Release|Any CPU
		{EC94DEEC-F959-4171-83EC-7188037C2183}.Release|Any CPU.Build.0 = Release|Any CPU
		{E8DE6B17-814C-4F3A-A520-1BE0AE06D52F}.Debug|Any CPU.ActiveCfg = Debug|Any CPU
		{E8DE6B17-814C-4F3A-A520-1BE0AE06D52F}.Debug|Any CPU.Build.0 = Debug|Any CPU
		{E8DE6B17-814C-4F3A-A520-1BE0AE06D52F}.Release|Any CPU.ActiveCfg = Release|Any CPU
		{E8DE6B17-814C-4F3A-A520-1BE0AE06D52F}.Release|Any CPU.Build.0 = Release|Any CPU
	EndGlobalSection
	GlobalSection(SolutionProperties) = preSolution
		HideSolutionNode = FALSE
	EndGlobalSection
EndGlobal
